{
  "nodes": {
    "JustEnoughMod": {
      "flake": false,
      "locked": {
        "lastModified": 1708629199,
        "narHash": "sha256-kEh18+mDPcj18z3a8UjKnuvQ4nHdjHICMRxGxxHLSNI=",
        "ref": "refs/heads/main",
        "rev": "21a5575938b4c603c2a592ee355d4c52fdb8bd6d",
        "revCount": 63,
        "submodules": true,
        "type": "git",
        "url": "https://github.com/LDprg/JustEnoughMod"
      },
      "original": {
        "submodules": true,
        "type": "git",
        "url": "https://github.com/LDprg/JustEnoughMod"
      }
    },
    "bgfx": {
      "flake": false,
      "locked": {
        "lastModified": 1708631708,
        "narHash": "sha256-gP1KruJxRWER6jgSzx/zhTYFxPaOCR4B1buhEmGXeYw=",
        "ref": "refs/heads/main",
        "rev": "b73d24bbc85d247b232df5a07c90ad4e3eac50b6",
        "revCount": 12,
        "submodules": true,
        "type": "git",
        "url": "https://github.com/LDprg/bgfx.meson"
      },
      "original": {
        "submodules": true,
        "type": "git",
        "url": "https://github.com/LDprg/bgfx.meson"
      }
    },
    "dylib": {
      "flake": false,
      "locked": {
        "lastModified": 1708631675,
        "narHash": "sha256-bcp+GCiigcq6NsVmee85URnwCsYUY7mniyynzRtY8xY=",
        "ref": "refs/heads/main",
        "rev": "6b07a1007e975aae6b7401a4a477423bd002363b",
        "revCount": 4,
        "submodules": true,
        "type": "git",
        "url": "https://github.com/LDprg/dylib.meson"
      },
      "original": {
        "submodules": true,
        "type": "git",
        "url": "https://github.com/LDprg/dylib.meson"
      }
    },
    "nixpkgs": {
      "locked": {
        "lastModified": 1708475490,
        "narHash": "sha256-g1v0TsWBQPX97ziznfJdWhgMyMGtoBFs102xSYO4syU=",
        "owner": "NixOS",
        "repo": "nixpkgs",
        "rev": "0e74ca98a74bc7270d28838369593635a5db3260",
        "type": "github"
      },
      "original": {
        "id": "nixpkgs",
        "ref": "nixos-unstable",
        "type": "indirect"
      }
    },
    "root": {
      "inputs": {
        "JustEnoughMod": "JustEnoughMod",
        "bgfx": "bgfx",
        "dylib": "dylib",
        "nixpkgs": "nixpkgs"
      }
    }
  },
  "root": "root",
  "version": 7
}
